
Microsoft Visual Studio Solution File, Format Version 12.00
# Visual Studio Version 17
VisualStudioVersion = 17.8.34511.84
MinimumVisualStudioVersion = 10.0.40219.1
Project("{FAE04EC0-301F-11D3-BF4B-00C04F79EFBC}") = "BookMS", "BookMS.csproj", "{8D8EA6B3-866B-4C01-9546-30300343FCE4}"
EndProject
Global
	GlobalSection(SolutionConfigurationPlatforms) = preSolution
		Debug|Any CPU = Debug|Any CPU
		Release|Any CPU = Release|Any CPU
	EndGlobalSection
	GlobalSection(ProjectConfigurationPlatforms) = postSolution
		{8D8EA6B3-866B-4C01-9546-30300343FCE4}.Debug|Any CPU.ActiveCfg = Debug|Any CPU
		{8D8EA6B3-866B-4C01-9546-30300343FCE4}.Debug|Any CPU.Build.0 = Debug|Any CPU
		{8D8EA6B3-866B-4C01-9546-30300343FCE4}.Release|Any CPU.ActiveCfg = Release|Any CPU
		{8D8EA6B3-866B-4C01-9546-30300343FCE4}.Release|Any CPU.Build.0 = Release|Any CPU
	EndGlobalSection
	GlobalSection(SolutionProperties) = preSolution
		HideSolutionNode = FALSE
	EndGlobalSection
	GlobalSection(ExtensibilityGlobals) = postSolution
		SolutionGuid = {3ACE2226-461C-4189-9F6F-C1DC1677E524}
	EndGlobalSection
EndGlobal
